
Microsoft Visual Studio Solution File, Format Version 12.00
# Visual Studio Version 16
VisualStudioVersion = 16.0.30503.244
MinimumVisualStudioVersion = 10.0.40219.1
Project("{FAE04EC0-301F-11D3-BF4B-00C04F79EFBC}") = "EDAutomate", "EDAutomate\EDAutomate.csproj", "{DED52F92-0881-4FAE-BBD8-2321D909FAD2}"
EndProject
Project("{FAE04EC0-301F-11D3-BF4B-00C04F79EFBC}") = "EDAutomate.UnitTests", "EDAutomate.UnitTests\EDAutomate.UnitTests.csproj", "{4D10E185-3000-4DFD-A673-29EED9564234}"
EndProject
Global
	GlobalSection(SolutionConfigurationPlatforms) = preSolution
		Debug|Any CPU = Debug|Any CPU
		Release|Any CPU = Release|Any CPU
	EndGlobalSection
	GlobalSection(ProjectConfigurationPlatforms) = postSolution
		{DED52F92-0881-4FAE-BBD8-2321D909FAD2}.Debug|Any CPU.ActiveCfg = Debug|Any CPU
		{DED52F92-0881-4FAE-BBD8-2321D909FAD2}.Debug|Any CPU.Build.0 = Debug|Any CPU
		{DED52F92-0881-4FAE-BBD8-2321D909FAD2}.Release|Any CPU.ActiveCfg = Release|Any CPU
		{DED52F92-0881-4FAE-BBD8-2321D909FAD2}.Release|Any CPU.Build.0 = Release|Any CPU
		{4D10E185-3000-4DFD-A673-29EED9564234}.Debug|Any CPU.ActiveCfg = Debug|Any CPU
		{4D10E185-3000-4DFD-A673-29EED9564234}.Debug|Any CPU.Build.0 = Debug|Any CPU
		{4D10E185-3000-4DFD-A673-29EED9564234}.Release|Any CPU.ActiveCfg = Release|Any CPU
		{4D10E185-3000-4DFD-A673-29EED9564234}.Release|Any CPU.Build.0 = Release|Any CPU
	EndGlobalSection
	GlobalSection(SolutionProperties) = preSolution
		HideSolutionNode = FALSE
	EndGlobalSection
	GlobalSection(ExtensibilityGlobals) = postSolution
		SolutionGuid = {729D94F4-631D-4CD0-87A2-9EF37F4EEBD7}
	EndGlobalSection
EndGlobal
